// !$*UTF8*$!
{
	archiveVersion = 1;
	classes = {
	};
	objectVersion = 46;
	objects = {

/* Begin PBXBuildFile section */
		A5C4A4DB1EC86E8E001F6742 /* deque_demo.cpp in Sources */ = {isa = PBXBuildFile; fileRef = A5C4A4D81EC86E8E001F6742 /* deque_demo.cpp */; };
/* End PBXBuildFile section */

/* Begin PBXCopyFilesBuildPhase section */
		A5C4A4CC1EC86E83001F6742 /* CopyFiles */ = {
			isa = PBXCopyFilesBuildPhase;
			buildActionMask = 2147483647;
			dstPath = /usr/share/man/man1/;
			dstSubfolderSpec = 0;
			files = (
			);
			runOnlyForDeploymentPostprocessing = 1;
		};
/* End PBXCopyFilesBuildPhase section */

/* Begin PBXFileReference section */
		A5C4A4CE1EC86E83001F6742 /* LimitedDeque */ = {isa = PBXFileReference; explicitFileType = "compiled.mach-o.executable"; includeInIndex = 0; path = LimitedDeque; sourceTree = BUILT_PRODUCTS_DIR; };
		A5C4A4D81EC86E8E001F6742 /* deque_demo.cpp */ = {isa = PBXFileReference; fileEncoding = 4; lastKnownFileType = sourcecode.cpp.cpp; path = deque_demo.cpp; sourceTree = "<group>"; };
		A5C4A4DA1EC86E8E001F6742 /* deque.h */ = {isa = PBXFileReference; fileEncoding = 4; lastKnownFileType = sourcecode.c.h; path = deque.h; sourceTree = "<group>"; };
/* End PBXFileReference section */

/* Begin PBXFrameworksBuildPhase section */
		A5C4A4CB1EC86E83001F6742 /* Frameworks */ = {
			isa = PBXFrameworksBuildPhase;
			buildActionMask = 2147483647;
			files = (
			);
			runOnlyForDeploymentPostprocessing = 0;
		};
/* End PBXFrameworksBuildPhase section */

/* Begin PBXGroup section */
		A5C4A4C51EC86E83001F6742 = {
			isa = PBXGroup;
			children = (
				A5C4A4D01EC86E83001F6742 /* LimitedDeque */,
				A5C4A4CF1EC86E83001F6742 /* Products */,
			);
			sourceTree = "<group>";
		};
		A5C4A4CF1EC86E83001F6742 /* Products */ = {
			isa = PBXGroup;
			children = (
				A5C4A4CE1EC86E83001F6742 /* LimitedDeque */,
			);
			name = Products;
			sourceTree = "<group>";
		};
		A5C4A4D01EC86E83001F6742 /* LimitedDeque */ = {
			isa = PBXGroup;
			children = (
				A5C4A4D81EC86E8E001F6742 /* deque_demo.cpp */,
				A5C4A4DA1EC86E8E001F6742 /* deque.h */,
			);
			path = LimitedDeque;
			sourceTree = "<group>";
		};
/* End PBXGroup section */

/* Begin PBXNativeTarget section */
		A5C4A4CD1EC86E83001F6742 /* LimitedDeque */ = {
			isa = PBXNativeTarget;
			buildConfigurationList = A5C4A4D51EC86E83001F6742 /* Build configuration list for PBXNativeTarget "LimitedDeque" */;
			buildPhases = (
				A5C4A4CA1EC86E83001F6742 /* Sources */,
				A5C4A4CB1EC86E83001F6742 /* Frameworks */,
				A5C4A4CC1EC86E83001F6742 /* CopyFiles */,
			);
			buildRules = (
			);
			dependencies = (
			);
			name = LimitedDeque;
			productName = LimitedDeque;
			productReference = A5C4A4CE1EC86E83001F6742 /* LimitedDeque */;
			productType = "com.apple.product-type.tool";
		};
/* End PBXNativeTarget section */

/* Begin PBXProject section */
		A5C4A4C61EC86E83001F6742 /* Project object */ = {
			isa = PBXProject;
			attributes = {
				LastUpgradeCheck = 0830;
				ORGANIZATIONNAME = "Сергей Тришин";
				TargetAttributes = {
					A5C4A4CD1EC86E83001F6742 = {
						CreatedOnToolsVersion = 8.3.1;
						DevelopmentTeam = LPTWC9LMSM;
						ProvisioningStyle = Automatic;
					};
				};
			};
			buildConfigurationList = A5C4A4C91EC86E83001F6742 /* Build configuration list for PBXProject "LimitedDeque" */;
			compatibilityVersion = "Xcode 3.2";
			developmentRegion = English;
			hasScannedForEncodings = 0;
			knownRegions = (
				en,
			);
			mainGroup = A5C4A4C51EC86E83001F6742;
			productRefGroup = A5C4A4CF1EC86E83001F6742 /* Products */;
			projectDirPath = "";
			projectRoot = "";
			targets = (
				A5C4A4CD1EC86E83001F6742 /* LimitedDeque */,
			);
		};
/* End PBXProject section */

/* Begin PBXSourcesBuildPhase section */
		A5C4A4CA1EC86E83001F6742 /* Sources */ = {
			isa = PBXSourcesBuildPhase;
			buildActionMask = 2147483647;
			files = (
				A5C4A4DB1EC86E8E001F6742 /* deque_demo.cpp in Sources */,
			);
			runOnlyForDeploymentPostprocessing = 0;
		};
/* End PBXSourcesBuildPhase section */

/* Begin XCBuildConfiguration section */
		A5C4A4D31EC86E83001F6742 /* Debug */ = {
			isa = XCBuildConfiguration;
			buildSettings = {
				ALWAYS_SEARCH_USER_PATHS = NO;
				CLANG_ANALYZER_NONNULL = YES;
				CLANG_ANALYZER_NUMBER_OBJECT_CONVERSION = YES_AGGRESSIVE;
				CLANG_CXX_LANGUAGE_STANDARD = "gnu++0x";
				CLANG_CXX_LIBRARY = "libc++";
				CLANG_ENABLE_MODULES = YES;
				CLANG_ENABLE_OBJC_ARC = YES;
				CLANG_WARN_BOOL_CONVERSION = YES;
				CLANG_WARN_CONSTANT_CONVERSION = YES;
				CLANG_WARN_DIRECT_OBJC_ISA_USAGE = YES_ERROR;
				CLANG_WARN_DOCUMENTATION_COMMENTS = YES;
				CLANG_WARN_EMPTY_BODY = YES;
				CLANG_WARN_ENUM_CONVERSION = YES;
				CLANG_WARN_INFINITE_RECURSION = YES;
				CLANG_WARN_INT_CONVERSION = YES;
				CLANG_WARN_OBJC_ROOT_CLASS = YES_ERROR;
				CLANG_WARN_SUSPICIOUS_MOVE = YES;
				CLANG_WARN_UNREACHABLE_CODE = YES;
				CLANG_WARN__DUPLICATE_METHOD_MATCH = YES;
				CODE_SIGN_IDENTITY = "-";
				COPY_PHASE_STRIP = NO;
				DEBUG_INFORMATION_FORMAT = dwarf;
				ENABLE_STRICT_OBJC_MSGSEND = YES;
				ENABLE_TESTABILITY = YES;
				GCC_C_LANGUAGE_STANDARD = gnu99;
				GCC_DYNAMIC_NO_PIC = NO;
				GCC_NO_COMMON_BLOCKS = YES;
				GCC_OPTIMIZATION_LEVEL = 0;
				GCC_PREPROCESSOR_DEFINITIONS = (
					"DEBUG=1",
					"$(inherited)",
				);
				GCC_WARN_64_TO_32_BIT_CONVERSION = YES;
				GCC_WARN_ABOUT_RETURN_TYPE = YES_ERROR;
				GCC_WARN_UNDECLARED_SELECTOR = YES;
				GCC_WARN_UNINITIALIZED_AUTOS = YES_AGGRESSIVE;
				GCC_WARN_UNUSED_FUNCTION = YES;
				GCC_WARN_UNUSED_VARIABLE = YES;
				MACOSX_DEPLOYMENT_TARGET = 10.12;
				MTL_ENABLE_DEBUG_INFO = YES;
				ONLY_ACTIVE_ARCH = YES;
				SDKROOT = macosx;
			};
			name = Debug;
		};
		A5C4A4D41EC86E83001F6742 /* Release */ = {
			isa = XCBuildConfiguration;
			buildSettings = {
				ALWAYS_SEARCH_USER_PATHS = NO;
				CLANG_ANALYZER_NONNULL = YES;
				CLANG_ANALYZER_NUMBER_OBJECT_CONVERSION = YES_AGGRESSIVE;
				CLANG_CXX_LANGUAGE_STANDARD = "gnu++0x";
				CLANG_CXX_LIBRARY = "libc++";
				CLANG_ENABLE_MODULES = YES;
				CLANG_ENABLE_OBJC_ARC = YES;
				CLANG_WARN_BOOL_CONVERSION = YES;
				CLANG_WARN_CONSTANT_CONVERSION = YES;
				CLANG_WARN_DIRECT_OBJC_ISA_USAGE = YES_ERROR;
				CLANG_WARN_DOCUMENTATION_COMMENTS = YES;
				CLANG_WARN_EMPTY_BODY = YES;
				CLANG_WARN_ENUM_CONVERSION = YES;
				CLANG_WARN_INFINITE_RECURSION = YES;
				CLANG_WARN_INT_CONVERSION = YES;
				CLANG_WARN_OBJC_ROOT_CLASS = YES_ERROR;
				CLANG_WARN_SUSPICIOUS_MOVE = YES;
				CLANG_WARN_UNREACHABLE_CODE = YES;
				CLANG_WARN__DUPLICATE_METHOD_MATCH = YES;
				CODE_SIGN_IDENTITY = "-";
				COPY_PHASE_STRIP = NO;
				DEBUG_INFORMATION_FORMAT = "dwarf-with-dsym";
				ENABLE_NS_ASSERTIONS = NO;
				ENABLE_STRICT_OBJC_MSGSEND = YES;
				GCC_C_LANGUAGE_STANDARD = gnu99;
				GCC_NO_COMMON_BLOCKS = YES;
				GCC_WARN_64_TO_32_BIT_CONVERSION = YES;
				GCC_WARN_ABOUT_RETURN_TYPE = YES_ERROR;
				GCC_WARN_UNDECLARED_SELECTOR = YES;
				GCC_WARN_UNINITIALIZED_AUTOS = YES_AGGRESSIVE;
				GCC_WARN_UNUSED_FUNCTION = YES;
				GCC_WARN_UNUSED_VARIABLE = YES;
				MACOSX_DEPLOYMENT_TARGET = 10.12;
				MTL_ENABLE_DEBUG_INFO = NO;
				SDKROOT = macosx;
			};
			name = Release;
		};
		A5C4A4D61EC86E83001F6742 /* Debug */ = {
			isa = XCBuildConfiguration;
			buildSettings = {
				DEVELOPMENT_TEAM = LPTWC9LMSM;
				PRODUCT_NAME = "$(TARGET_NAME)";
			};
			name = Debug;
		};
		A5C4A4D71EC86E83001F6742 /* Release */ = {
			isa = XCBuildConfiguration;
			buildSettings = {
				DEVELOPMENT_TEAM = LPTWC9LMSM;
				PRODUCT_NAME = "$(TARGET_NAME)";
			};
			name = Release;
		};
/* End XCBuildConfiguration section */

/* Begin XCConfigurationList section */
		A5C4A4C91EC86E83001F6742 /* Build configuration list for PBXProject "LimitedDeque" */ = {
			isa = XCConfigurationList;
			buildConfigurations = (
				A5C4A4D31EC86E83001F6742 /* Debug */,
				A5C4A4D41EC86E83001F6742 /* Release */,
			);
			defaultConfigurationIsVisible = 0;
			defaultConfigurationName = Release;
		};
		A5C4A4D51EC86E83001F6742 /* Build configuration list for PBXNativeTarget "LimitedDeque" */ = {
			isa = XCConfigurationList;
			buildConfigurations = (
				A5C4A4D61EC86E83001F6742 /* Debug */,
				A5C4A4D71EC86E83001F6742 /* Release */,
			);
			defaultConfigurationIsVisible = 0;
		};
/* End XCConfigurationList section */
	};
	rootObject = A5C4A4C61EC86E83001F6742 /* Project object */;
}
